{
  "version": 4,
  "terraform_version": "1.14.7",
  "serial": 3,
  "lineage": "3cac1ca5-487c-0051-1898-5424614d7a38",
  "outputs": {},
  "resources": [
    {
      "mode": "managed",
      "type": "local_file",
      "name": "pet_name",
      "provider": "provider[\"registry.terraform.io/hashicorp/local\"]",
      "instances": [
        {
          "schema_version": 0,
          "attributes": {
            "content": "My pet's name is Fluffy",
            "content_base64": null,
            "content_base64sha256": "VMJhQGd6ek8g3eK+3QkIqcaX7+O5r7am5ZkuqYgH5OA=",
            "content_base64sha512": "5Aq81yLO9JPvVo3INkq8tfpX1HhISzbFKxUG6cNFyYqd5l4H8Y9nU0SsvFNU9AFJ/L88DByq12b2/NAV/QaFXA==",
            "content_md5": "6aa3b5784605ee162ca484e9a5798e58",
            "content_sha1": "0e31fe8d3ce2ed8cd6cbe56148350cebb8ba3572",
            "content_sha256": "54c26140677a7a4f20dde2bedd0908a9c697efe3b9afb6a6e5992ea98807e4e0",
            "content_sha512": "e40abcd722cef493ef568dc8364abcb5fa57d478484b36c52b1506e9c345c98a9de65e07f18f675344acbc5354f40149fcbf3c0c1caad766f6fcd015fd06855c",
            "directory_permission": "0777",
            "file_permission": "0777",
            "filename": "my_pet.txt",
            "id": "0e31fe8d3ce2ed8cd6cbe56148350cebb8ba3572",
            "sensitive_content": null,
            "source": null
          },
          "sensitive_attributes": [
            [
              {
                "type": "get_attr",
                "value": "sensitive_content"
              }
            ]
          ],
          "identity_schema_version": 0
        }
      ]
    },
    {
      "mode": "managed",
      "type": "null_resource",
      "name": "logic_test",
      "provider": "provider[\"registry.terraform.io/hashicorp/null\"]",
      "instances": [
        {
          "schema_version": 0,
          "attributes": {
            "id": "1861688942172969140",
            "triggers": {
              "test_value": "This is just a test"
            }
          },
          "sensitive_attributes": [],
          "identity_schema_version": 0
        }
      ]
    }
  ],
  "check_results": null
}
